
Microsoft Visual Studio Solution File, Format Version 12.00
# Visual Studio 14
VisualStudioVersion = 14.0.25420.1
MinimumVisualStudioVersion = 10.0.40219.1
Project("{FAE04EC0-301F-11D3-BF4B-00C04F79EFBC}") = "HelloSomethingNotWorld", "HelloSomethingNotWorld\HelloSomethingNotWorld.csproj", "{DADEA16A-C47B-49A5-ADD9-C7068591CBEB}"
EndProject
Project("{FAE04EC0-301F-11D3-BF4B-00C04F79EFBC}") = "InputOutput", "InputOutput\InputOutput.csproj", "{618C4448-1EE8-47F3-A149-9C5A4DE52837}"
EndProject
Project("{FAE04EC0-301F-11D3-BF4B-00C04F79EFBC}") = "IfStatement", "IfStatement\IfStatement.csproj", "{1ECE7214-7053-49E6-8CE3-4154A18A276B}"
EndProject
Project("{FAE04EC0-301F-11D3-BF4B-00C04F79EFBC}") = "WhileLoop", "WhileLoop\WhileLoop.csproj", "{8D555237-AF47-45CE-933F-6785FFB3670F}"
EndProject
Project("{FAE04EC0-301F-11D3-BF4B-00C04F79EFBC}") = "InputNumbers", "InputNumbers\InputNumbers.csproj", "{1680802E-99BD-4D56-B303-5DBF53B29727}"
EndProject
Project("{FAE04EC0-301F-11D3-BF4B-00C04F79EFBC}") = "ReferenceVsValueType", "ConsoleApplication1\ReferenceVsValueType.csproj", "{57B94579-C2C6-46D2-A327-7CC77BDC69B9}"
EndProject
Project("{FAE04EC0-301F-11D3-BF4B-00C04F79EFBC}") = "ConsoleCalculator", "ConsoleCalculator\ConsoleCalculator.csproj", "{FF80BC76-3C2F-4F31-8944-436A973963A2}"
EndProject
Project("{FAE04EC0-301F-11D3-BF4B-00C04F79EFBC}") = "CarConsole", "CarConsole\CarConsole.csproj", "{084B032A-6962-4323-AB86-3681D14BE00F}"
EndProject
Global
	GlobalSection(SolutionConfigurationPlatforms) = preSolution
		Debug|Any CPU = Debug|Any CPU
		Release|Any CPU = Release|Any CPU
	EndGlobalSection
	GlobalSection(ProjectConfigurationPlatforms) = postSolution
		{DADEA16A-C47B-49A5-ADD9-C7068591CBEB}.Debug|Any CPU.ActiveCfg = Debug|Any CPU
		{DADEA16A-C47B-49A5-ADD9-C7068591CBEB}.Debug|Any CPU.Build.0 = Debug|Any CPU
		{DADEA16A-C47B-49A5-ADD9-C7068591CBEB}.Release|Any CPU.ActiveCfg = Release|Any CPU
		{DADEA16A-C47B-49A5-ADD9-C7068591CBEB}.Release|Any CPU.Build.0 = Release|Any CPU
		{618C4448-1EE8-47F3-A149-9C5A4DE52837}.Debug|Any CPU.ActiveCfg = Debug|Any CPU
		{618C4448-1EE8-47F3-A149-9C5A4DE52837}.Debug|Any CPU.Build.0 = Debug|Any CPU
		{618C4448-1EE8-47F3-A149-9C5A4DE52837}.Release|Any CPU.ActiveCfg = Release|Any CPU
		{618C4448-1EE8-47F3-A149-9C5A4DE52837}.Release|Any CPU.Build.0 = Release|Any CPU
		{1ECE7214-7053-49E6-8CE3-4154A18A276B}.Debug|Any CPU.ActiveCfg = Debug|Any CPU
		{1ECE7214-7053-49E6-8CE3-4154A18A276B}.Debug|Any CPU.Build.0 = Debug|Any CPU
		{1ECE7214-7053-49E6-8CE3-4154A18A276B}.Release|Any CPU.ActiveCfg = Release|Any CPU
		{1ECE7214-7053-49E6-8CE3-4154A18A276B}.Release|Any CPU.Build.0 = Release|Any CPU
		{8D555237-AF47-45CE-933F-6785FFB3670F}.Debug|Any CPU.ActiveCfg = Debug|Any CPU
		{8D555237-AF47-45CE-933F-6785FFB3670F}.Debug|Any CPU.Build.0 = Debug|Any CPU
		{8D555237-AF47-45CE-933F-6785FFB3670F}.Release|Any CPU.ActiveCfg = Release|Any CPU
		{8D555237-AF47-45CE-933F-6785FFB3670F}.Release|Any CPU.Build.0 = Release|Any CPU
		{1680802E-99BD-4D56-B303-5DBF53B29727}.Debug|Any CPU.ActiveCfg = Debug|Any CPU
		{1680802E-99BD-4D56-B303-5DBF53B29727}.Debug|Any CPU.Build.0 = Debug|Any CPU
		{1680802E-99BD-4D56-B303-5DBF53B29727}.Release|Any CPU.ActiveCfg = Release|Any CPU
		{1680802E-99BD-4D56-B303-5DBF53B29727}.Release|Any CPU.Build.0 = Release|Any CPU
		{57B94579-C2C6-46D2-A327-7CC77BDC69B9}.Debug|Any CPU.ActiveCfg = Debug|Any CPU
		{57B94579-C2C6-46D2-A327-7CC77BDC69B9}.Debug|Any CPU.Build.0 = Debug|Any CPU
		{57B94579-C2C6-46D2-A327-7CC77BDC69B9}.Release|Any CPU.ActiveCfg = Release|Any CPU
		{57B94579-C2C6-46D2-A327-7CC77BDC69B9}.Release|Any CPU.Build.0 = Release|Any CPU
<<<<<<< HEAD
		{FF80BC76-3C2F-4F31-8944-436A973963A2}.Debug|Any CPU.ActiveCfg = Debug|Any CPU
		{FF80BC76-3C2F-4F31-8944-436A973963A2}.Debug|Any CPU.Build.0 = Debug|Any CPU
		{FF80BC76-3C2F-4F31-8944-436A973963A2}.Release|Any CPU.ActiveCfg = Release|Any CPU
		{FF80BC76-3C2F-4F31-8944-436A973963A2}.Release|Any CPU.Build.0 = Release|Any CPU
		{084B032A-6962-4323-AB86-3681D14BE00F}.Debug|Any CPU.ActiveCfg = Debug|Any CPU
		{084B032A-6962-4323-AB86-3681D14BE00F}.Debug|Any CPU.Build.0 = Debug|Any CPU
		{084B032A-6962-4323-AB86-3681D14BE00F}.Release|Any CPU.ActiveCfg = Release|Any CPU
		{084B032A-6962-4323-AB86-3681D14BE00F}.Release|Any CPU.Build.0 = Release|Any CPU
=======
>>>>>>> parent of 13ea5ed... Removed wrong project
	EndGlobalSection
	GlobalSection(SolutionProperties) = preSolution
		HideSolutionNode = FALSE
	EndGlobalSection
EndGlobal
