Microsoft Visual Studio Solution File, Format Version 12.00
# Visual Studio 14
VisualStudioVersion = 14.0.25420.1
MinimumVisualStudioVersion = 10.0.40219.1
Project("{FAE04EC0-301F-11D3-BF4B-00C04F79EFBC}") = "HelloSomethingNotWorld", "HelloSomethingNotWorld\HelloSomethingNotWorld.csproj", "{DADEA16A-C47B-49A5-ADD9-C7068591CBEB}"
EndProject
Project("{FAE04EC0-301F-11D3-BF4B-00C04F79EFBC}") = "InputOutput", "InputOutput\InputOutput.csproj", "{618C4448-1EE8-47F3-A149-9C5A4DE52837}"
EndProject
Project("{FAE04EC0-301F-11D3-BF4B-00C04F79EFBC}") = "IfStatement", "IfStatement\IfStatement.csproj", "{1ECE7214-7053-49E6-8CE3-4154A18A276B}"
EndProject
Project("{FAE04EC0-301F-11D3-BF4B-00C04F79EFBC}") = "WhileLoop", "WhileLoop\WhileLoop.csproj", "{8D555237-AF47-45CE-933F-6785FFB3670F}"
EndProject
Project("{FAE04EC0-301F-11D3-BF4B-00C04F79EFBC}") = "InputNumbers", "InputNumbers\InputNumbers.csproj", "{1680802E-99BD-4D56-B303-5DBF53B29727}"
EndProject
Project("{FAE04EC0-301F-11D3-BF4B-00C04F79EFBC}") = "ReferenceVsValueType", "ConsoleApplication1\ReferenceVsValueType.csproj", "{57B94579-C2C6-46D2-A327-7CC77BDC69B9}"
EndProject
Project("{FAE04EC0-301F-11D3-BF4B-00C04F79EFBC}") = "ConsoleCalculator", "ConsoleCalculator\ConsoleCalculator.csproj", "{FF80BC76-3C2F-4F31-8944-436A973963A2}"
EndProject
Project("{FAE04EC0-301F-11D3-BF4B-00C04F79EFBC}") = "CarConsole", "CarConsole\CarConsole.csproj", "{084B032A-6962-4323-AB86-3681D14BE00F}"
EndProject
Project("{FAE04EC0-301F-11D3-BF4B-00C04F79EFBC}") = "EmployeeConsole", "EmployeeConsole\EmployeeConsole.csproj", "{22CCC514-D89B-41FB-B4DB-24E6D7600F15}"
EndProject
Project("{FAE04EC0-301F-11D3-BF4B-00C04F79EFBC}") = "Menu", "Menu\Menu.csproj", "{74D81E49-149C-490D-AD3A-C1B2DFE683CE}"
EndProject
Project("{FAE04EC0-301F-11D3-BF4B-00C04F79EFBC}") = "PersonManager", "PersonManager\PersonManager.csproj", "{9D56D793-B35C-4643-95AD-B723E8874C4E}"
EndProject
Project("{FAE04EC0-301F-11D3-BF4B-00C04F79EFBC}") = "PersonManagerMenu", "PersonManagerMenu\PersonManagerMenu.csproj", "{5E68B60D-F112-4987-9025-4CAF4F12748E}"
EndProject
Project("{FAE04EC0-301F-11D3-BF4B-00C04F79EFBC}") = "CrashCourseDLL", "CrashCourseDLL\CrashCourseDLL.csproj", "{DD963D36-C67E-4850-B519-71EA7377468D}"
EndProject
Project("{FAE04EC0-301F-11D3-BF4B-00C04F79EFBC}") = "Entities", "Entities\Entities.csproj", "{C5ADCF3B-EF86-426D-8F6D-2F336034D8EB}"
EndProject
Global
	GlobalSection(SolutionConfigurationPlatforms) = preSolution
		Debug|Any CPU = Debug|Any CPU
		Debug|ARM = Debug|ARM
		Debug|x64 = Debug|x64
		Debug|x86 = Debug|x86
		Release|Any CPU = Release|Any CPU
		Release|ARM = Release|ARM
		Release|x64 = Release|x64
		Release|x86 = Release|x86
	EndGlobalSection
	GlobalSection(ProjectConfigurationPlatforms) = postSolution
		{DADEA16A-C47B-49A5-ADD9-C7068591CBEB}.Debug|Any CPU.ActiveCfg = Debug|Any CPU
		{DADEA16A-C47B-49A5-ADD9-C7068591CBEB}.Debug|Any CPU.Build.0 = Debug|Any CPU
		{DADEA16A-C47B-49A5-ADD9-C7068591CBEB}.Debug|ARM.ActiveCfg = Debug|Any CPU
		{DADEA16A-C47B-49A5-ADD9-C7068591CBEB}.Debug|ARM.Build.0 = Debug|Any CPU
		{DADEA16A-C47B-49A5-ADD9-C7068591CBEB}.Debug|x64.ActiveCfg = Debug|Any CPU
		{DADEA16A-C47B-49A5-ADD9-C7068591CBEB}.Debug|x64.Build.0 = Debug|Any CPU
		{DADEA16A-C47B-49A5-ADD9-C7068591CBEB}.Debug|x86.ActiveCfg = Debug|Any CPU
		{DADEA16A-C47B-49A5-ADD9-C7068591CBEB}.Debug|x86.Build.0 = Debug|Any CPU
		{DADEA16A-C47B-49A5-ADD9-C7068591CBEB}.Release|Any CPU.ActiveCfg = Release|Any CPU
		{DADEA16A-C47B-49A5-ADD9-C7068591CBEB}.Release|Any CPU.Build.0 = Release|Any CPU
		{DADEA16A-C47B-49A5-ADD9-C7068591CBEB}.Release|ARM.ActiveCfg = Release|Any CPU
		{DADEA16A-C47B-49A5-ADD9-C7068591CBEB}.Release|ARM.Build.0 = Release|Any CPU
		{DADEA16A-C47B-49A5-ADD9-C7068591CBEB}.Release|x64.ActiveCfg = Release|Any CPU
		{DADEA16A-C47B-49A5-ADD9-C7068591CBEB}.Release|x64.Build.0 = Release|Any CPU
		{DADEA16A-C47B-49A5-ADD9-C7068591CBEB}.Release|x86.ActiveCfg = Release|Any CPU
		{DADEA16A-C47B-49A5-ADD9-C7068591CBEB}.Release|x86.Build.0 = Release|Any CPU
		{618C4448-1EE8-47F3-A149-9C5A4DE52837}.Debug|Any CPU.ActiveCfg = Debug|Any CPU
		{618C4448-1EE8-47F3-A149-9C5A4DE52837}.Debug|Any CPU.Build.0 = Debug|Any CPU
		{618C4448-1EE8-47F3-A149-9C5A4DE52837}.Debug|ARM.ActiveCfg = Debug|Any CPU
		{618C4448-1EE8-47F3-A149-9C5A4DE52837}.Debug|ARM.Build.0 = Debug|Any CPU
		{618C4448-1EE8-47F3-A149-9C5A4DE52837}.Debug|x64.ActiveCfg = Debug|Any CPU
		{618C4448-1EE8-47F3-A149-9C5A4DE52837}.Debug|x64.Build.0 = Debug|Any CPU
		{618C4448-1EE8-47F3-A149-9C5A4DE52837}.Debug|x86.ActiveCfg = Debug|Any CPU
		{618C4448-1EE8-47F3-A149-9C5A4DE52837}.Debug|x86.Build.0 = Debug|Any CPU
		{618C4448-1EE8-47F3-A149-9C5A4DE52837}.Release|Any CPU.ActiveCfg = Release|Any CPU
		{618C4448-1EE8-47F3-A149-9C5A4DE52837}.Release|Any CPU.Build.0 = Release|Any CPU
		{618C4448-1EE8-47F3-A149-9C5A4DE52837}.Release|ARM.ActiveCfg = Release|Any CPU
		{618C4448-1EE8-47F3-A149-9C5A4DE52837}.Release|ARM.Build.0 = Release|Any CPU
		{618C4448-1EE8-47F3-A149-9C5A4DE52837}.Release|x64.ActiveCfg = Release|Any CPU
		{618C4448-1EE8-47F3-A149-9C5A4DE52837}.Release|x64.Build.0 = Release|Any CPU
		{618C4448-1EE8-47F3-A149-9C5A4DE52837}.Release|x86.ActiveCfg = Release|Any CPU
		{618C4448-1EE8-47F3-A149-9C5A4DE52837}.Release|x86.Build.0 = Release|Any CPU
		{1ECE7214-7053-49E6-8CE3-4154A18A276B}.Debug|Any CPU.ActiveCfg = Debug|Any CPU
		{1ECE7214-7053-49E6-8CE3-4154A18A276B}.Debug|Any CPU.Build.0 = Debug|Any CPU
		{1ECE7214-7053-49E6-8CE3-4154A18A276B}.Debug|ARM.ActiveCfg = Debug|Any CPU
		{1ECE7214-7053-49E6-8CE3-4154A18A276B}.Debug|ARM.Build.0 = Debug|Any CPU
		{1ECE7214-7053-49E6-8CE3-4154A18A276B}.Debug|x64.ActiveCfg = Debug|Any CPU
		{1ECE7214-7053-49E6-8CE3-4154A18A276B}.Debug|x64.Build.0 = Debug|Any CPU
		{1ECE7214-7053-49E6-8CE3-4154A18A276B}.Debug|x86.ActiveCfg = Debug|Any CPU
		{1ECE7214-7053-49E6-8CE3-4154A18A276B}.Debug|x86.Build.0 = Debug|Any CPU
		{1ECE7214-7053-49E6-8CE3-4154A18A276B}.Release|Any CPU.ActiveCfg = Release|Any CPU
		{1ECE7214-7053-49E6-8CE3-4154A18A276B}.Release|Any CPU.Build.0 = Release|Any CPU
		{1ECE7214-7053-49E6-8CE3-4154A18A276B}.Release|ARM.ActiveCfg = Release|Any CPU
		{1ECE7214-7053-49E6-8CE3-4154A18A276B}.Release|ARM.Build.0 = Release|Any CPU
		{1ECE7214-7053-49E6-8CE3-4154A18A276B}.Release|x64.ActiveCfg = Release|Any CPU
		{1ECE7214-7053-49E6-8CE3-4154A18A276B}.Release|x64.Build.0 = Release|Any CPU
		{1ECE7214-7053-49E6-8CE3-4154A18A276B}.Release|x86.ActiveCfg = Release|Any CPU
		{1ECE7214-7053-49E6-8CE3-4154A18A276B}.Release|x86.Build.0 = Release|Any CPU
		{8D555237-AF47-45CE-933F-6785FFB3670F}.Debug|Any CPU.ActiveCfg = Debug|Any CPU
		{8D555237-AF47-45CE-933F-6785FFB3670F}.Debug|Any CPU.Build.0 = Debug|Any CPU
		{8D555237-AF47-45CE-933F-6785FFB3670F}.Debug|ARM.ActiveCfg = Debug|Any CPU
		{8D555237-AF47-45CE-933F-6785FFB3670F}.Debug|ARM.Build.0 = Debug|Any CPU
		{8D555237-AF47-45CE-933F-6785FFB3670F}.Debug|x64.ActiveCfg = Debug|Any CPU
		{8D555237-AF47-45CE-933F-6785FFB3670F}.Debug|x64.Build.0 = Debug|Any CPU
		{8D555237-AF47-45CE-933F-6785FFB3670F}.Debug|x86.ActiveCfg = Debug|Any CPU
		{8D555237-AF47-45CE-933F-6785FFB3670F}.Debug|x86.Build.0 = Debug|Any CPU
		{8D555237-AF47-45CE-933F-6785FFB3670F}.Release|Any CPU.ActiveCfg = Release|Any CPU
		{8D555237-AF47-45CE-933F-6785FFB3670F}.Release|Any CPU.Build.0 = Release|Any CPU
		{8D555237-AF47-45CE-933F-6785FFB3670F}.Release|ARM.ActiveCfg = Release|Any CPU
		{8D555237-AF47-45CE-933F-6785FFB3670F}.Release|ARM.Build.0 = Release|Any CPU
		{8D555237-AF47-45CE-933F-6785FFB3670F}.Release|x64.ActiveCfg = Release|Any CPU
		{8D555237-AF47-45CE-933F-6785FFB3670F}.Release|x64.Build.0 = Release|Any CPU
		{8D555237-AF47-45CE-933F-6785FFB3670F}.Release|x86.ActiveCfg = Release|Any CPU
		{8D555237-AF47-45CE-933F-6785FFB3670F}.Release|x86.Build.0 = Release|Any CPU
		{1680802E-99BD-4D56-B303-5DBF53B29727}.Debug|Any CPU.ActiveCfg = Debug|Any CPU
		{1680802E-99BD-4D56-B303-5DBF53B29727}.Debug|Any CPU.Build.0 = Debug|Any CPU
		{1680802E-99BD-4D56-B303-5DBF53B29727}.Debug|ARM.ActiveCfg = Debug|Any CPU
		{1680802E-99BD-4D56-B303-5DBF53B29727}.Debug|ARM.Build.0 = Debug|Any CPU
		{1680802E-99BD-4D56-B303-5DBF53B29727}.Debug|x64.ActiveCfg = Debug|Any CPU
		{1680802E-99BD-4D56-B303-5DBF53B29727}.Debug|x64.Build.0 = Debug|Any CPU
		{1680802E-99BD-4D56-B303-5DBF53B29727}.Debug|x86.ActiveCfg = Debug|Any CPU
		{1680802E-99BD-4D56-B303-5DBF53B29727}.Debug|x86.Build.0 = Debug|Any CPU
		{1680802E-99BD-4D56-B303-5DBF53B29727}.Release|Any CPU.ActiveCfg = Release|Any CPU
		{1680802E-99BD-4D56-B303-5DBF53B29727}.Release|Any CPU.Build.0 = Release|Any CPU
		{1680802E-99BD-4D56-B303-5DBF53B29727}.Release|ARM.ActiveCfg = Release|Any CPU
		{1680802E-99BD-4D56-B303-5DBF53B29727}.Release|ARM.Build.0 = Release|Any CPU
		{1680802E-99BD-4D56-B303-5DBF53B29727}.Release|x64.ActiveCfg = Release|Any CPU
		{1680802E-99BD-4D56-B303-5DBF53B29727}.Release|x64.Build.0 = Release|Any CPU
		{1680802E-99BD-4D56-B303-5DBF53B29727}.Release|x86.ActiveCfg = Release|Any CPU
		{1680802E-99BD-4D56-B303-5DBF53B29727}.Release|x86.Build.0 = Release|Any CPU
		{57B94579-C2C6-46D2-A327-7CC77BDC69B9}.Debug|Any CPU.ActiveCfg = Debug|Any CPU
		{57B94579-C2C6-46D2-A327-7CC77BDC69B9}.Debug|Any CPU.Build.0 = Debug|Any CPU
		{57B94579-C2C6-46D2-A327-7CC77BDC69B9}.Debug|ARM.ActiveCfg = Debug|Any CPU
		{57B94579-C2C6-46D2-A327-7CC77BDC69B9}.Debug|ARM.Build.0 = Debug|Any CPU
		{57B94579-C2C6-46D2-A327-7CC77BDC69B9}.Debug|x64.ActiveCfg = Debug|Any CPU
		{57B94579-C2C6-46D2-A327-7CC77BDC69B9}.Debug|x64.Build.0 = Debug|Any CPU
		{57B94579-C2C6-46D2-A327-7CC77BDC69B9}.Debug|x86.ActiveCfg = Debug|Any CPU
		{57B94579-C2C6-46D2-A327-7CC77BDC69B9}.Debug|x86.Build.0 = Debug|Any CPU
		{57B94579-C2C6-46D2-A327-7CC77BDC69B9}.Release|Any CPU.ActiveCfg = Release|Any CPU
		{57B94579-C2C6-46D2-A327-7CC77BDC69B9}.Release|Any CPU.Build.0 = Release|Any CPU
		{57B94579-C2C6-46D2-A327-7CC77BDC69B9}.Release|ARM.ActiveCfg = Release|Any CPU
		{57B94579-C2C6-46D2-A327-7CC77BDC69B9}.Release|ARM.Build.0 = Release|Any CPU
		{57B94579-C2C6-46D2-A327-7CC77BDC69B9}.Release|x64.ActiveCfg = Release|Any CPU
		{57B94579-C2C6-46D2-A327-7CC77BDC69B9}.Release|x64.Build.0 = Release|Any CPU
		{57B94579-C2C6-46D2-A327-7CC77BDC69B9}.Release|x86.ActiveCfg = Release|Any CPU
		{57B94579-C2C6-46D2-A327-7CC77BDC69B9}.Release|x86.Build.0 = Release|Any CPU
		{FF80BC76-3C2F-4F31-8944-436A973963A2}.Debug|Any CPU.ActiveCfg = Debug|Any CPU
		{FF80BC76-3C2F-4F31-8944-436A973963A2}.Debug|Any CPU.Build.0 = Debug|Any CPU
		{FF80BC76-3C2F-4F31-8944-436A973963A2}.Debug|ARM.ActiveCfg = Debug|Any CPU
		{FF80BC76-3C2F-4F31-8944-436A973963A2}.Debug|ARM.Build.0 = Debug|Any CPU
		{FF80BC76-3C2F-4F31-8944-436A973963A2}.Debug|x64.ActiveCfg = Debug|Any CPU
		{FF80BC76-3C2F-4F31-8944-436A973963A2}.Debug|x64.Build.0 = Debug|Any CPU
		{FF80BC76-3C2F-4F31-8944-436A973963A2}.Debug|x86.ActiveCfg = Debug|Any CPU
		{FF80BC76-3C2F-4F31-8944-436A973963A2}.Debug|x86.Build.0 = Debug|Any CPU
		{FF80BC76-3C2F-4F31-8944-436A973963A2}.Release|Any CPU.ActiveCfg = Release|Any CPU
		{FF80BC76-3C2F-4F31-8944-436A973963A2}.Release|Any CPU.Build.0 = Release|Any CPU
		{FF80BC76-3C2F-4F31-8944-436A973963A2}.Release|ARM.ActiveCfg = Release|Any CPU
		{FF80BC76-3C2F-4F31-8944-436A973963A2}.Release|ARM.Build.0 = Release|Any CPU
		{FF80BC76-3C2F-4F31-8944-436A973963A2}.Release|x64.ActiveCfg = Release|Any CPU
		{FF80BC76-3C2F-4F31-8944-436A973963A2}.Release|x64.Build.0 = Release|Any CPU
		{FF80BC76-3C2F-4F31-8944-436A973963A2}.Release|x86.ActiveCfg = Release|Any CPU
		{FF80BC76-3C2F-4F31-8944-436A973963A2}.Release|x86.Build.0 = Release|Any CPU
		{084B032A-6962-4323-AB86-3681D14BE00F}.Debug|Any CPU.ActiveCfg = Debug|Any CPU
		{084B032A-6962-4323-AB86-3681D14BE00F}.Debug|Any CPU.Build.0 = Debug|Any CPU
		{084B032A-6962-4323-AB86-3681D14BE00F}.Debug|ARM.ActiveCfg = Debug|Any CPU
		{084B032A-6962-4323-AB86-3681D14BE00F}.Debug|ARM.Build.0 = Debug|Any CPU
		{084B032A-6962-4323-AB86-3681D14BE00F}.Debug|x64.ActiveCfg = Debug|Any CPU
		{084B032A-6962-4323-AB86-3681D14BE00F}.Debug|x64.Build.0 = Debug|Any CPU
		{084B032A-6962-4323-AB86-3681D14BE00F}.Debug|x86.ActiveCfg = Debug|Any CPU
		{084B032A-6962-4323-AB86-3681D14BE00F}.Debug|x86.Build.0 = Debug|Any CPU
		{084B032A-6962-4323-AB86-3681D14BE00F}.Release|Any CPU.ActiveCfg = Release|Any CPU
		{084B032A-6962-4323-AB86-3681D14BE00F}.Release|Any CPU.Build.0 = Release|Any CPU
		{084B032A-6962-4323-AB86-3681D14BE00F}.Release|ARM.ActiveCfg = Release|Any CPU
		{084B032A-6962-4323-AB86-3681D14BE00F}.Release|ARM.Build.0 = Release|Any CPU
		{084B032A-6962-4323-AB86-3681D14BE00F}.Release|x64.ActiveCfg = Release|Any CPU
		{084B032A-6962-4323-AB86-3681D14BE00F}.Release|x64.Build.0 = Release|Any CPU
		{084B032A-6962-4323-AB86-3681D14BE00F}.Release|x86.ActiveCfg = Release|Any CPU
		{084B032A-6962-4323-AB86-3681D14BE00F}.Release|x86.Build.0 = Release|Any CPU
		{22CCC514-D89B-41FB-B4DB-24E6D7600F15}.Debug|Any CPU.ActiveCfg = Debug|Any CPU
		{22CCC514-D89B-41FB-B4DB-24E6D7600F15}.Debug|Any CPU.Build.0 = Debug|Any CPU
		{22CCC514-D89B-41FB-B4DB-24E6D7600F15}.Debug|ARM.ActiveCfg = Debug|Any CPU
		{22CCC514-D89B-41FB-B4DB-24E6D7600F15}.Debug|ARM.Build.0 = Debug|Any CPU
		{22CCC514-D89B-41FB-B4DB-24E6D7600F15}.Debug|x64.ActiveCfg = Debug|Any CPU
		{22CCC514-D89B-41FB-B4DB-24E6D7600F15}.Debug|x64.Build.0 = Debug|Any CPU
		{22CCC514-D89B-41FB-B4DB-24E6D7600F15}.Debug|x86.ActiveCfg = Debug|Any CPU
		{22CCC514-D89B-41FB-B4DB-24E6D7600F15}.Debug|x86.Build.0 = Debug|Any CPU
		{22CCC514-D89B-41FB-B4DB-24E6D7600F15}.Release|Any CPU.ActiveCfg = Release|Any CPU
		{22CCC514-D89B-41FB-B4DB-24E6D7600F15}.Release|Any CPU.Build.0 = Release|Any CPU
		{22CCC514-D89B-41FB-B4DB-24E6D7600F15}.Release|ARM.ActiveCfg = Release|Any CPU
		{22CCC514-D89B-41FB-B4DB-24E6D7600F15}.Release|ARM.Build.0 = Release|Any CPU
		{22CCC514-D89B-41FB-B4DB-24E6D7600F15}.Release|x64.ActiveCfg = Release|Any CPU
		{22CCC514-D89B-41FB-B4DB-24E6D7600F15}.Release|x64.Build.0 = Release|Any CPU
		{22CCC514-D89B-41FB-B4DB-24E6D7600F15}.Release|x86.ActiveCfg = Release|Any CPU
		{22CCC514-D89B-41FB-B4DB-24E6D7600F15}.Release|x86.Build.0 = Release|Any CPU
		{74D81E49-149C-490D-AD3A-C1B2DFE683CE}.Debug|Any CPU.ActiveCfg = Debug|Any CPU
		{74D81E49-149C-490D-AD3A-C1B2DFE683CE}.Debug|Any CPU.Build.0 = Debug|Any CPU
		{74D81E49-149C-490D-AD3A-C1B2DFE683CE}.Debug|ARM.ActiveCfg = Debug|Any CPU
		{74D81E49-149C-490D-AD3A-C1B2DFE683CE}.Debug|ARM.Build.0 = Debug|Any CPU
		{74D81E49-149C-490D-AD3A-C1B2DFE683CE}.Debug|x64.ActiveCfg = Debug|Any CPU
		{74D81E49-149C-490D-AD3A-C1B2DFE683CE}.Debug|x64.Build.0 = Debug|Any CPU
		{74D81E49-149C-490D-AD3A-C1B2DFE683CE}.Debug|x86.ActiveCfg = Debug|Any CPU
		{74D81E49-149C-490D-AD3A-C1B2DFE683CE}.Debug|x86.Build.0 = Debug|Any CPU
		{74D81E49-149C-490D-AD3A-C1B2DFE683CE}.Release|Any CPU.ActiveCfg = Release|Any CPU
		{74D81E49-149C-490D-AD3A-C1B2DFE683CE}.Release|Any CPU.Build.0 = Release|Any CPU
		{74D81E49-149C-490D-AD3A-C1B2DFE683CE}.Release|ARM.ActiveCfg = Release|Any CPU
		{74D81E49-149C-490D-AD3A-C1B2DFE683CE}.Release|ARM.Build.0 = Release|Any CPU
		{74D81E49-149C-490D-AD3A-C1B2DFE683CE}.Release|x64.ActiveCfg = Release|Any CPU
		{74D81E49-149C-490D-AD3A-C1B2DFE683CE}.Release|x64.Build.0 = Release|Any CPU
		{74D81E49-149C-490D-AD3A-C1B2DFE683CE}.Release|x86.ActiveCfg = Release|Any CPU
		{74D81E49-149C-490D-AD3A-C1B2DFE683CE}.Release|x86.Build.0 = Release|Any CPU
		{9D56D793-B35C-4643-95AD-B723E8874C4E}.Debug|Any CPU.ActiveCfg = Debug|Any CPU
		{9D56D793-B35C-4643-95AD-B723E8874C4E}.Debug|Any CPU.Build.0 = Debug|Any CPU
		{9D56D793-B35C-4643-95AD-B723E8874C4E}.Debug|ARM.ActiveCfg = Debug|Any CPU
		{9D56D793-B35C-4643-95AD-B723E8874C4E}.Debug|ARM.Build.0 = Debug|Any CPU
		{9D56D793-B35C-4643-95AD-B723E8874C4E}.Debug|x64.ActiveCfg = Debug|Any CPU
		{9D56D793-B35C-4643-95AD-B723E8874C4E}.Debug|x64.Build.0 = Debug|Any CPU
		{9D56D793-B35C-4643-95AD-B723E8874C4E}.Debug|x86.ActiveCfg = Debug|Any CPU
		{9D56D793-B35C-4643-95AD-B723E8874C4E}.Debug|x86.Build.0 = Debug|Any CPU
		{9D56D793-B35C-4643-95AD-B723E8874C4E}.Release|Any CPU.ActiveCfg = Release|Any CPU
		{9D56D793-B35C-4643-95AD-B723E8874C4E}.Release|Any CPU.Build.0 = Release|Any CPU
		{9D56D793-B35C-4643-95AD-B723E8874C4E}.Release|ARM.ActiveCfg = Release|Any CPU
		{9D56D793-B35C-4643-95AD-B723E8874C4E}.Release|ARM.Build.0 = Release|Any CPU
		{9D56D793-B35C-4643-95AD-B723E8874C4E}.Release|x64.ActiveCfg = Release|Any CPU
		{9D56D793-B35C-4643-95AD-B723E8874C4E}.Release|x64.Build.0 = Release|Any CPU
		{9D56D793-B35C-4643-95AD-B723E8874C4E}.Release|x86.ActiveCfg = Release|Any CPU
		{9D56D793-B35C-4643-95AD-B723E8874C4E}.Release|x86.Build.0 = Release|Any CPU
		{5E68B60D-F112-4987-9025-4CAF4F12748E}.Debug|Any CPU.ActiveCfg = Debug|Any CPU
		{5E68B60D-F112-4987-9025-4CAF4F12748E}.Debug|Any CPU.Build.0 = Debug|Any CPU
		{5E68B60D-F112-4987-9025-4CAF4F12748E}.Debug|ARM.ActiveCfg = Debug|Any CPU
		{5E68B60D-F112-4987-9025-4CAF4F12748E}.Debug|ARM.Build.0 = Debug|Any CPU
		{5E68B60D-F112-4987-9025-4CAF4F12748E}.Debug|x64.ActiveCfg = Debug|Any CPU
		{5E68B60D-F112-4987-9025-4CAF4F12748E}.Debug|x64.Build.0 = Debug|Any CPU
		{5E68B60D-F112-4987-9025-4CAF4F12748E}.Debug|x86.ActiveCfg = Debug|Any CPU
		{5E68B60D-F112-4987-9025-4CAF4F12748E}.Debug|x86.Build.0 = Debug|Any CPU
		{5E68B60D-F112-4987-9025-4CAF4F12748E}.Release|Any CPU.ActiveCfg = Release|Any CPU
		{5E68B60D-F112-4987-9025-4CAF4F12748E}.Release|Any CPU.Build.0 = Release|Any CPU
		{5E68B60D-F112-4987-9025-4CAF4F12748E}.Release|ARM.ActiveCfg = Release|Any CPU
		{5E68B60D-F112-4987-9025-4CAF4F12748E}.Release|ARM.Build.0 = Release|Any CPU
		{5E68B60D-F112-4987-9025-4CAF4F12748E}.Release|x64.ActiveCfg = Release|Any CPU
		{5E68B60D-F112-4987-9025-4CAF4F12748E}.Release|x64.Build.0 = Release|Any CPU
		{5E68B60D-F112-4987-9025-4CAF4F12748E}.Release|x86.ActiveCfg = Release|Any CPU
		{5E68B60D-F112-4987-9025-4CAF4F12748E}.Release|x86.Build.0 = Release|Any CPU
		{DD963D36-C67E-4850-B519-71EA7377468D}.Debug|Any CPU.ActiveCfg = Debug|Any CPU
		{DD963D36-C67E-4850-B519-71EA7377468D}.Debug|Any CPU.Build.0 = Debug|Any CPU
		{DD963D36-C67E-4850-B519-71EA7377468D}.Debug|ARM.ActiveCfg = Debug|Any CPU
		{DD963D36-C67E-4850-B519-71EA7377468D}.Debug|ARM.Build.0 = Debug|Any CPU
		{DD963D36-C67E-4850-B519-71EA7377468D}.Debug|x64.ActiveCfg = Debug|Any CPU
		{DD963D36-C67E-4850-B519-71EA7377468D}.Debug|x64.Build.0 = Debug|Any CPU
		{DD963D36-C67E-4850-B519-71EA7377468D}.Debug|x86.ActiveCfg = Debug|Any CPU
		{DD963D36-C67E-4850-B519-71EA7377468D}.Debug|x86.Build.0 = Debug|Any CPU
		{DD963D36-C67E-4850-B519-71EA7377468D}.Release|Any CPU.ActiveCfg = Release|Any CPU
		{DD963D36-C67E-4850-B519-71EA7377468D}.Release|Any CPU.Build.0 = Release|Any CPU
		{DD963D36-C67E-4850-B519-71EA7377468D}.Release|ARM.ActiveCfg = Release|Any CPU
		{DD963D36-C67E-4850-B519-71EA7377468D}.Release|ARM.Build.0 = Release|Any CPU
		{DD963D36-C67E-4850-B519-71EA7377468D}.Release|x64.ActiveCfg = Release|Any CPU
		{DD963D36-C67E-4850-B519-71EA7377468D}.Release|x64.Build.0 = Release|Any CPU
		{DD963D36-C67E-4850-B519-71EA7377468D}.Release|x86.ActiveCfg = Release|Any CPU
		{DD963D36-C67E-4850-B519-71EA7377468D}.Release|x86.Build.0 = Release|Any CPU
		{C5ADCF3B-EF86-426D-8F6D-2F336034D8EB}.Debug|Any CPU.ActiveCfg = Debug|Any CPU
		{C5ADCF3B-EF86-426D-8F6D-2F336034D8EB}.Debug|Any CPU.Build.0 = Debug|Any CPU
		{C5ADCF3B-EF86-426D-8F6D-2F336034D8EB}.Debug|ARM.ActiveCfg = Debug|Any CPU
		{C5ADCF3B-EF86-426D-8F6D-2F336034D8EB}.Debug|ARM.Build.0 = Debug|Any CPU
		{C5ADCF3B-EF86-426D-8F6D-2F336034D8EB}.Debug|x64.ActiveCfg = Debug|Any CPU
		{C5ADCF3B-EF86-426D-8F6D-2F336034D8EB}.Debug|x64.Build.0 = Debug|Any CPU
		{C5ADCF3B-EF86-426D-8F6D-2F336034D8EB}.Debug|x86.ActiveCfg = Debug|Any CPU
		{C5ADCF3B-EF86-426D-8F6D-2F336034D8EB}.Debug|x86.Build.0 = Debug|Any CPU
		{C5ADCF3B-EF86-426D-8F6D-2F336034D8EB}.Release|Any CPU.ActiveCfg = Release|Any CPU
		{C5ADCF3B-EF86-426D-8F6D-2F336034D8EB}.Release|Any CPU.Build.0 = Release|Any CPU
		{C5ADCF3B-EF86-426D-8F6D-2F336034D8EB}.Release|ARM.ActiveCfg = Release|Any CPU
		{C5ADCF3B-EF86-426D-8F6D-2F336034D8EB}.Release|ARM.Build.0 = Release|Any CPU
		{C5ADCF3B-EF86-426D-8F6D-2F336034D8EB}.Release|x64.ActiveCfg = Release|Any CPU
		{C5ADCF3B-EF86-426D-8F6D-2F336034D8EB}.Release|x64.Build.0 = Release|Any CPU
		{C5ADCF3B-EF86-426D-8F6D-2F336034D8EB}.Release|x86.ActiveCfg = Release|Any CPU
		{C5ADCF3B-EF86-426D-8F6D-2F336034D8EB}.Release|x86.Build.0 = Release|Any CPU
	EndGlobalSection
	GlobalSection(SolutionProperties) = preSolution
		HideSolutionNode = FALSE
	EndGlobalSection
EndGlobal
